
Microsoft Visual Studio Solution File, Format Version 12.00
# Visual Studio Version 17
VisualStudioVersion = 17.5.33516.290
MinimumVisualStudioVersion = 10.0.40219.1
Project("{FAE04EC0-301F-11D3-BF4B-00C04F79EFBC}") = "MStartPreHiringTask.PL", "MStartPreHiringTask.PL\MStartPreHiringTask.PL.csproj", "{DAF1B43A-33BF-4F59-8A98-5F72A84F60FC}"
EndProject
Project("{FAE04EC0-301F-11D3-BF4B-00C04F79EFBC}") = "MStartPreHiringTask.DAL", "MStartPreHiringTask.DAL\MStartPreHiringTask.DAL.csproj", "{967C32FF-0EE1-4DA4-9B86-610BBE0E95D4}"
EndProject
Project("{FAE04EC0-301F-11D3-BF4B-00C04F79EFBC}") = "MStartPreHiringTask.BLL", "MStartPreHiringTask.BLL\MStartPreHiringTask.BLL.csproj", "{E2668C7E-7831-43F6-81A6-C4B659173559}"
EndProject
Global
	GlobalSection(SolutionConfigurationPlatforms) = preSolution
		Debug|Any CPU = Debug|Any CPU
		Release|Any CPU = Release|Any CPU
	EndGlobalSection
	GlobalSection(ProjectConfigurationPlatforms) = postSolution
		{DAF1B43A-33BF-4F59-8A98-5F72A84F60FC}.Debug|Any CPU.ActiveCfg = Debug|Any CPU
		{DAF1B43A-33BF-4F59-8A98-5F72A84F60FC}.Debug|Any CPU.Build.0 = Debug|Any CPU
		{DAF1B43A-33BF-4F59-8A98-5F72A84F60FC}.Release|Any CPU.ActiveCfg = Release|Any CPU
		{DAF1B43A-33BF-4F59-8A98-5F72A84F60FC}.Release|Any CPU.Build.0 = Release|Any CPU
		{967C32FF-0EE1-4DA4-9B86-610BBE0E95D4}.Debug|Any CPU.ActiveCfg = Debug|Any CPU
		{967C32FF-0EE1-4DA4-9B86-610BBE0E95D4}.Debug|Any CPU.Build.0 = Debug|Any CPU
		{967C32FF-0EE1-4DA4-9B86-610BBE0E95D4}.Release|Any CPU.ActiveCfg = Release|Any CPU
		{967C32FF-0EE1-4DA4-9B86-610BBE0E95D4}.Release|Any CPU.Build.0 = Release|Any CPU
		{E2668C7E-7831-43F6-81A6-C4B659173559}.Debug|Any CPU.ActiveCfg = Debug|Any CPU
		{E2668C7E-7831-43F6-81A6-C4B659173559}.Debug|Any CPU.Build.0 = Debug|Any CPU
		{E2668C7E-7831-43F6-81A6-C4B659173559}.Release|Any CPU.ActiveCfg = Release|Any CPU
		{E2668C7E-7831-43F6-81A6-C4B659173559}.Release|Any CPU.Build.0 = Release|Any CPU
	EndGlobalSection
	GlobalSection(SolutionProperties) = preSolution
		HideSolutionNode = FALSE
	EndGlobalSection
	GlobalSection(ExtensibilityGlobals) = postSolution
		SolutionGuid = {4626FDDB-D056-4925-95A4-94A7B3B13F7D}
	EndGlobalSection
EndGlobal
